
Microsoft Visual Studio Solution File, Format Version 12.00
# Visual Studio Version 17
VisualStudioVersion = 17.5.33627.172
MinimumVisualStudioVersion = 10.0.40219.1
Project("{9A19103F-16F7-4668-BE54-9A1E7A4F7556}") = "CreatureFactory", "CreatureFactory.csproj", "{DBED0916-5510-4BA8-931E-8D06B29F6D63}"
EndProject
Global
	GlobalSection(SolutionConfigurationPlatforms) = preSolution
		Debug|Any CPU = Debug|Any CPU
		Release|Any CPU = Release|Any CPU
	EndGlobalSection
	GlobalSection(ProjectConfigurationPlatforms) = postSolution
		{DBED0916-5510-4BA8-931E-8D06B29F6D63}.Debug|Any CPU.ActiveCfg = Debug|Any CPU
		{DBED0916-5510-4BA8-931E-8D06B29F6D63}.Debug|Any CPU.Build.0 = Debug|Any CPU
		{DBED0916-5510-4BA8-931E-8D06B29F6D63}.Release|Any CPU.ActiveCfg = Release|Any CPU
		{DBED0916-5510-4BA8-931E-8D06B29F6D63}.Release|Any CPU.Build.0 = Release|Any CPU
	EndGlobalSection
	GlobalSection(SolutionProperties) = preSolution
		HideSolutionNode = FALSE
	EndGlobalSection
	GlobalSection(ExtensibilityGlobals) = postSolution
		SolutionGuid = {D9305104-6E2E-430F-AB0A-530636571E6F}
	EndGlobalSection
EndGlobal
